
Microsoft Visual Studio Solution File, Format Version 12.00
# Visual Studio 15
VisualStudioVersion = 15.0.27428.2037
MinimumVisualStudioVersion = 10.0.40219.1
Project("{FAE04EC0-301F-11D3-BF4B-00C04F79EFBC}") = "PdfSharp", "PdfSharp\PdfSharp.csproj", "{2EDCACC6-84ED-4440-BFB9-7EB9DB84E73A}"
EndProject
Global
	GlobalSection(SolutionConfigurationPlatforms) = preSolution
		Debug|Any CPU = Debug|Any CPU
		Release|Any CPU = Release|Any CPU
	EndGlobalSection
	GlobalSection(ProjectConfigurationPlatforms) = postSolution
		{2EDCACC6-84ED-4440-BFB9-7EB9DB84E73A}.Debug|Any CPU.ActiveCfg = Debug|Any CPU
		{2EDCACC6-84ED-4440-BFB9-7EB9DB84E73A}.Debug|Any CPU.Build.0 = Debug|Any CPU
		{2EDCACC6-84ED-4440-BFB9-7EB9DB84E73A}.Release|Any CPU.ActiveCfg = Release|Any CPU
		{2EDCACC6-84ED-4440-BFB9-7EB9DB84E73A}.Release|Any CPU.Build.0 = Release|Any CPU
	EndGlobalSection
	GlobalSection(SolutionProperties) = preSolution
		HideSolutionNode = FALSE
	EndGlobalSection
	GlobalSection(ExtensibilityGlobals) = postSolution
		SolutionGuid = {1945A2B4-3667-47B7-9ED4-CBD600E15FD2}
	EndGlobalSection
EndGlobal
